// !$*UTF8*$!
{
	archiveVersion = 1;
	classes = {
	};
	objectVersion = 46;
	objects = {

/* Begin PBXBuildFile section */
		F7B2BA481A71851C00DD1FCA /* main.m in Sources */ = {isa = PBXBuildFile; fileRef = F7B2BA471A71851C00DD1FCA /* main.m */; };
		F7B2BA4B1A71851C00DD1FCA /* AppDelegate.m in Sources */ = {isa = PBXBuildFile; fileRef = F7B2BA4A1A71851C00DD1FCA /* AppDelegate.m */; };
		F7B2BA4E1A71851C00DD1FCA /* FirstViewController.m in Sources */ = {isa = PBXBuildFile; fileRef = F7B2BA4D1A71851C00DD1FCA /* FirstViewController.m */; };
		F7B2BA511A71851C00DD1FCA /* SecondViewController.m in Sources */ = {isa = PBXBuildFile; fileRef = F7B2BA501A71851C00DD1FCA /* SecondViewController.m */; };
		F7B2BA541A71851C00DD1FCA /* Main.storyboard in Resources */ = {isa = PBXBuildFile; fileRef = F7B2BA521A71851C00DD1FCA /* Main.storyboard */; };
		F7B2BA561A71851C00DD1FCA /* Images.xcassets in Resources */ = {isa = PBXBuildFile; fileRef = F7B2BA551A71851C00DD1FCA /* Images.xcassets */; };
		F7B2BA591A71851C00DD1FCA /* LaunchScreen.xib in Resources */ = {isa = PBXBuildFile; fileRef = F7B2BA571A71851C00DD1FCA /* LaunchScreen.xib */; };
		F7B2BA651A71851D00DD1FCA /* SwipeTabBarTests.m in Sources */ = {isa = PBXBuildFile; fileRef = F7B2BA641A71851D00DD1FCA /* SwipeTabBarTests.m */; };
/* End PBXBuildFile section */

/* Begin PBXContainerItemProxy section */
		F7B2BA5F1A71851D00DD1FCA /* PBXContainerItemProxy */ = {
			isa = PBXContainerItemProxy;
			containerPortal = F7B2BA3A1A71851C00DD1FCA /* Project object */;
			proxyType = 1;
			remoteGlobalIDString = F7B2BA411A71851C00DD1FCA;
			remoteInfo = SwipeTabBar;
		};
/* End PBXContainerItemProxy section */

/* Begin PBXFileReference section */
		F7B2BA421A71851C00DD1FCA /* SwipeTabBar.app */ = {isa = PBXFileReference; explicitFileType = wrapper.application; includeInIndex = 0; path = SwipeTabBar.app; sourceTree = BUILT_PRODUCTS_DIR; };
		F7B2BA461A71851C00DD1FCA /* Info.plist */ = {isa = PBXFileReference; lastKnownFileType = text.plist.xml; path = Info.plist; sourceTree = "<group>"; };
		F7B2BA471A71851C00DD1FCA /* main.m */ = {isa = PBXFileReference; lastKnownFileType = sourcecode.c.objc; path = main.m; sourceTree = "<group>"; };
		F7B2BA491A71851C00DD1FCA /* AppDelegate.h */ = {isa = PBXFileReference; lastKnownFileType = sourcecode.c.h; path = AppDelegate.h; sourceTree = "<group>"; };
		F7B2BA4A1A71851C00DD1FCA /* AppDelegate.m */ = {isa = PBXFileReference; lastKnownFileType = sourcecode.c.objc; path = AppDelegate.m; sourceTree = "<group>"; };
		F7B2BA4C1A71851C00DD1FCA /* FirstViewController.h */ = {isa = PBXFileReference; lastKnownFileType = sourcecode.c.h; path = FirstViewController.h; sourceTree = "<group>"; };
		F7B2BA4D1A71851C00DD1FCA /* FirstViewController.m */ = {isa = PBXFileReference; lastKnownFileType = sourcecode.c.objc; path = FirstViewController.m; sourceTree = "<group>"; };
		F7B2BA4F1A71851C00DD1FCA /* SecondViewController.h */ = {isa = PBXFileReference; lastKnownFileType = sourcecode.c.h; path = SecondViewController.h; sourceTree = "<group>"; };
		F7B2BA501A71851C00DD1FCA /* SecondViewController.m */ = {isa = PBXFileReference; lastKnownFileType = sourcecode.c.objc; path = SecondViewController.m; sourceTree = "<group>"; };
		F7B2BA531A71851C00DD1FCA /* Base */ = {isa = PBXFileReference; lastKnownFileType = file.storyboard; name = Base; path = Base.lproj/Main.storyboard; sourceTree = "<group>"; };
		F7B2BA551A71851C00DD1FCA /* Images.xcassets */ = {isa = PBXFileReference; lastKnownFileType = folder.assetcatalog; path = Images.xcassets; sourceTree = "<group>"; };
		F7B2BA581A71851C00DD1FCA /* Base */ = {isa = PBXFileReference; lastKnownFileType = file.xib; name = Base; path = Base.lproj/LaunchScreen.xib; sourceTree = "<group>"; };
		F7B2BA5E1A71851D00DD1FCA /* SwipeTabBarTests.xctest */ = {isa = PBXFileReference; explicitFileType = wrapper.cfbundle; includeInIndex = 0; path = SwipeTabBarTests.xctest; sourceTree = BUILT_PRODUCTS_DIR; };
		F7B2BA631A71851D00DD1FCA /* Info.plist */ = {isa = PBXFileReference; lastKnownFileType = text.plist.xml; path = Info.plist; sourceTree = "<group>"; };
		F7B2BA641A71851D00DD1FCA /* SwipeTabBarTests.m */ = {isa = PBXFileReference; lastKnownFileType = sourcecode.c.objc; path = SwipeTabBarTests.m; sourceTree = "<group>"; };
/* End PBXFileReference section */

/* Begin PBXFrameworksBuildPhase section */
		F7B2BA3F1A71851C00DD1FCA /* Frameworks */ = {
			isa = PBXFrameworksBuildPhase;
			buildActionMask = 2147483647;
			files = (
			);
			runOnlyForDeploymentPostprocessing = 0;
		};
		F7B2BA5B1A71851D00DD1FCA /* Frameworks */ = {
			isa = PBXFrameworksBuildPhase;
			buildActionMask = 2147483647;
			files = (
			);
			runOnlyForDeploymentPostprocessing = 0;
		};
/* End PBXFrameworksBuildPhase section */

/* Begin PBXGroup section */
		F7B2BA391A71851C00DD1FCA = {
			isa = PBXGroup;
			children = (
				F7B2BA441A71851C00DD1FCA /* SwipeTabBar */,
				F7B2BA611A71851D00DD1FCA /* SwipeTabBarTests */,
				F7B2BA431A71851C00DD1FCA /* Products */,
			);
			sourceTree = "<group>";
		};
		F7B2BA431A71851C00DD1FCA /* Products */ = {
			isa = PBXGroup;
			children = (
				F7B2BA421A71851C00DD1FCA /* SwipeTabBar.app */,
				F7B2BA5E1A71851D00DD1FCA /* SwipeTabBarTests.xctest */,
			);
			name = Products;
			sourceTree = "<group>";
		};
		F7B2BA441A71851C00DD1FCA /* SwipeTabBar */ = {
			isa = PBXGroup;
			children = (
				F7B2BA491A71851C00DD1FCA /* AppDelegate.h */,
				F7B2BA4A1A71851C00DD1FCA /* AppDelegate.m */,
				F7B2BA4C1A71851C00DD1FCA /* FirstViewController.h */,
				F7B2BA4D1A71851C00DD1FCA /* FirstViewController.m */,
				F7B2BA4F1A71851C00DD1FCA /* SecondViewController.h */,
				F7B2BA501A71851C00DD1FCA /* SecondViewController.m */,
				F7B2BA521A71851C00DD1FCA /* Main.storyboard */,
				F7B2BA551A71851C00DD1FCA /* Images.xcassets */,
				F7B2BA571A71851C00DD1FCA /* LaunchScreen.xib */,
				F7B2BA451A71851C00DD1FCA /* Supporting Files */,
			);
			path = SwipeTabBar;
			sourceTree = "<group>";
		};
		F7B2BA451A71851C00DD1FCA /* Supporting Files */ = {
			isa = PBXGroup;
			children = (
				F7B2BA461A71851C00DD1FCA /* Info.plist */,
				F7B2BA471A71851C00DD1FCA /* main.m */,
			);
			name = "Supporting Files";
			sourceTree = "<group>";
		};
		F7B2BA611A71851D00DD1FCA /* SwipeTabBarTests */ = {
			isa = PBXGroup;
			children = (
				F7B2BA641A71851D00DD1FCA /* SwipeTabBarTests.m */,
				F7B2BA621A71851D00DD1FCA /* Supporting Files */,
			);
			path = SwipeTabBarTests;
			sourceTree = "<group>";
		};
		F7B2BA621A71851D00DD1FCA /* Supporting Files */ = {
			isa = PBXGroup;
			children = (
				F7B2BA631A71851D00DD1FCA /* Info.plist */,
			);
			name = "Supporting Files";
			sourceTree = "<group>";
		};
/* End PBXGroup section */

/* Begin PBXNativeTarget section */
		F7B2BA411A71851C00DD1FCA /* SwipeTabBar */ = {
			isa = PBXNativeTarget;
			buildConfigurationList = F7B2BA681A71851D00DD1FCA /* Build configuration list for PBXNativeTarget "SwipeTabBar" */;
			buildPhases = (
				F7B2BA3E1A71851C00DD1FCA /* Sources */,
				F7B2BA3F1A71851C00DD1FCA /* Frameworks */,
				F7B2BA401A71851C00DD1FCA /* Resources */,
			);
			buildRules = (
			);
			dependencies = (
			);
			name = SwipeTabBar;
			productName = SwipeTabBar;
			productReference = F7B2BA421A71851C00DD1FCA /* SwipeTabBar.app */;
			productType = "com.apple.product-type.application";
		};
		F7B2BA5D1A71851D00DD1FCA /* SwipeTabBarTests */ = {
			isa = PBXNativeTarget;
			buildConfigurationList = F7B2BA6B1A71851D00DD1FCA /* Build configuration list for PBXNativeTarget "SwipeTabBarTests" */;
			buildPhases = (
				F7B2BA5A1A71851D00DD1FCA /* Sources */,
				F7B2BA5B1A71851D00DD1FCA /* Frameworks */,
				F7B2BA5C1A71851D00DD1FCA /* Resources */,
			);
			buildRules = (
			);
			dependencies = (
				F7B2BA601A71851D00DD1FCA /* PBXTargetDependency */,
			);
			name = SwipeTabBarTests;
			productName = SwipeTabBarTests;
			productReference = F7B2BA5E1A71851D00DD1FCA /* SwipeTabBarTests.xctest */;
			productType = "com.apple.product-type.bundle.unit-test";
		};
/* End PBXNativeTarget section */

/* Begin PBXProject section */
		F7B2BA3A1A71851C00DD1FCA /* Project object */ = {
			isa = PBXProject;
			attributes = {
				LastUpgradeCheck = 0610;
				ORGANIZATIONNAME = Wavebits;
				TargetAttributes = {
					F7B2BA411A71851C00DD1FCA = {
						CreatedOnToolsVersion = 6.1.1;
					};
					F7B2BA5D1A71851D00DD1FCA = {
						CreatedOnToolsVersion = 6.1.1;
						TestTargetID = F7B2BA411A71851C00DD1FCA;
					};
				};
			};
			buildConfigurationList = F7B2BA3D1A71851C00DD1FCA /* Build configuration list for PBXProject "SwipeTabBar" */;
			compatibilityVersion = "Xcode 3.2";
			developmentRegion = English;
			hasScannedForEncodings = 0;
			knownRegions = (
				en,
				Base,
			);
			mainGroup = F7B2BA391A71851C00DD1FCA;
			productRefGroup = F7B2BA431A71851C00DD1FCA /* Products */;
			projectDirPath = "";
			projectRoot = "";
			targets = (
				F7B2BA411A71851C00DD1FCA /* SwipeTabBar */,
				F7B2BA5D1A71851D00DD1FCA /* SwipeTabBarTests */,
			);
		};
/* End PBXProject section */

/* Begin PBXResourcesBuildPhase section */
		F7B2BA401A71851C00DD1FCA /* Resources */ = {
			isa = PBXResourcesBuildPhase;
			buildActionMask = 2147483647;
			files = (
				F7B2BA541A71851C00DD1FCA /* Main.storyboard in Resources */,
				F7B2BA591A71851C00DD1FCA /* LaunchScreen.xib in Resources */,
				F7B2BA561A71851C00DD1FCA /* Images.xcassets in Resources */,
			);
			runOnlyForDeploymentPostprocessing = 0;
		};
		F7B2BA5C1A71851D00DD1FCA /* Resources */ = {
			isa = PBXResourcesBuildPhase;
			buildActionMask = 2147483647;
			files = (
			);
			runOnlyForDeploymentPostprocessing = 0;
		};
/* End PBXResourcesBuildPhase section */

/* Begin PBXSourcesBuildPhase section */
		F7B2BA3E1A71851C00DD1FCA /* Sources */ = {
			isa = PBXSourcesBuildPhase;
			buildActionMask = 2147483647;
			files = (
				F7B2BA511A71851C00DD1FCA /* SecondViewController.m in Sources */,
				F7B2BA4B1A71851C00DD1FCA /* AppDelegate.m in Sources */,
				F7B2BA4E1A71851C00DD1FCA /* FirstViewController.m in Sources */,
				F7B2BA481A71851C00DD1FCA /* main.m in Sources */,
			);
			runOnlyForDeploymentPostprocessing = 0;
		};
		F7B2BA5A1A71851D00DD1FCA /* Sources */ = {
			isa = PBXSourcesBuildPhase;
			buildActionMask = 2147483647;
			files = (
				F7B2BA651A71851D00DD1FCA /* SwipeTabBarTests.m in Sources */,
			);
			runOnlyForDeploymentPostprocessing = 0;
		};
/* End PBXSourcesBuildPhase section */

/* Begin PBXTargetDependency section */
		F7B2BA601A71851D00DD1FCA /* PBXTargetDependency */ = {
			isa = PBXTargetDependency;
			target = F7B2BA411A71851C00DD1FCA /* SwipeTabBar */;
			targetProxy = F7B2BA5F1A71851D00DD1FCA /* PBXContainerItemProxy */;
		};
/* End PBXTargetDependency section */

/* Begin PBXVariantGroup section */
		F7B2BA521A71851C00DD1FCA /* Main.storyboard */ = {
			isa = PBXVariantGroup;
			children = (
				F7B2BA531A71851C00DD1FCA /* Base */,
			);
			name = Main.storyboard;
			sourceTree = "<group>";
		};
		F7B2BA571A71851C00DD1FCA /* LaunchScreen.xib */ = {
			isa = PBXVariantGroup;
			children = (
				F7B2BA581A71851C00DD1FCA /* Base */,
			);
			name = LaunchScreen.xib;
			sourceTree = "<group>";
		};
/* End PBXVariantGroup section */

/* Begin XCBuildConfiguration section */
		F7B2BA661A71851D00DD1FCA /* Debug */ = {
			isa = XCBuildConfiguration;
			buildSettings = {
				ALWAYS_SEARCH_USER_PATHS = NO;
				CLANG_CXX_LANGUAGE_STANDARD = "gnu++0x";
				CLANG_CXX_LIBRARY = "libc++";
				CLANG_ENABLE_MODULES = YES;
				CLANG_ENABLE_OBJC_ARC = YES;
				CLANG_WARN_BOOL_CONVERSION = YES;
				CLANG_WARN_CONSTANT_CONVERSION = YES;
				CLANG_WARN_DIRECT_OBJC_ISA_USAGE = YES_ERROR;
				CLANG_WARN_EMPTY_BODY = YES;
				CLANG_WARN_ENUM_CONVERSION = YES;
				CLANG_WARN_INT_CONVERSION = YES;
				CLANG_WARN_OBJC_ROOT_CLASS = YES_ERROR;
				CLANG_WARN_UNREACHABLE_CODE = YES;
				CLANG_WARN__DUPLICATE_METHOD_MATCH = YES;
				"CODE_SIGN_IDENTITY[sdk=iphoneos*]" = "iPhone Developer";
				COPY_PHASE_STRIP = NO;
				ENABLE_STRICT_OBJC_MSGSEND = YES;
				GCC_C_LANGUAGE_STANDARD = gnu99;
				GCC_DYNAMIC_NO_PIC = NO;
				GCC_OPTIMIZATION_LEVEL = 0;
				GCC_PREPROCESSOR_DEFINITIONS = (
					"DEBUG=1",
					"$(inherited)",
				);
				GCC_SYMBOLS_PRIVATE_EXTERN = NO;
				GCC_WARN_64_TO_32_BIT_CONVERSION = YES;
				GCC_WARN_ABOUT_RETURN_TYPE = YES_ERROR;
				GCC_WARN_UNDECLARED_SELECTOR = YES;
				GCC_WARN_UNINITIALIZED_AUTOS = YES_AGGRESSIVE;
				GCC_WARN_UNUSED_FUNCTION = YES;
				GCC_WARN_UNUSED_VARIABLE = YES;
				IPHONEOS_DEPLOYMENT_TARGET = 8.1;
				MTL_ENABLE_DEBUG_INFO = YES;
				ONLY_ACTIVE_ARCH = YES;
				SDKROOT = iphoneos;
				TARGETED_DEVICE_FAMILY = "1,2";
			};
			name = Debug;
		};
		F7B2BA671A71851D00DD1FCA /* Release */ = {
			isa = XCBuildConfiguration;
			buildSettings = {
				ALWAYS_SEARCH_USER_PATHS = NO;
				CLANG_CXX_LANGUAGE_STANDARD = "gnu++0x";
				CLANG_CXX_LIBRARY = "libc++";
				CLANG_ENABLE_MODULES = YES;
				CLANG_ENABLE_OBJC_ARC = YES;
				CLANG_WARN_BOOL_CONVERSION = YES;
				CLANG_WARN_CONSTANT_CONVERSION = YES;
				CLANG_WARN_DIRECT_OBJC_ISA_USAGE = YES_ERROR;
				CLANG_WARN_EMPTY_BODY = YES;
				CLANG_WARN_ENUM_CONVERSION = YES;
				CLANG_WARN_INT_CONVERSION = YES;
				CLANG_WARN_OBJC_ROOT_CLASS = YES_ERROR;
				CLANG_WARN_UNREACHABLE_CODE = YES;
				CLANG_WARN__DUPLICATE_METHOD_MATCH = YES;
				"CODE_SIGN_IDENTITY[sdk=iphoneos*]" = "iPhone Developer";
				COPY_PHASE_STRIP = YES;
				ENABLE_NS_ASSERTIONS = NO;
				ENABLE_STRICT_OBJC_MSGSEND = YES;
				GCC_C_LANGUAGE_STANDARD = gnu99;
				GCC_WARN_64_TO_32_BIT_CONVERSION = YES;
				GCC_WARN_ABOUT_RETURN_TYPE = YES_ERROR;
				GCC_WARN_UNDECLARED_SELECTOR = YES;
				GCC_WARN_UNINITIALIZED_AUTOS = YES_AGGRESSIVE;
				GCC_WARN_UNUSED_FUNCTION = YES;
				GCC_WARN_UNUSED_VARIABLE = YES;
				IPHONEOS_DEPLOYMENT_TARGET = 8.1;
				MTL_ENABLE_DEBUG_INFO = NO;
				SDKROOT = iphoneos;
				TARGETED_DEVICE_FAMILY = "1,2";
				VALIDATE_PRODUCT = YES;
			};
			name = Release;
		};
		F7B2BA691A71851D00DD1FCA /* Debug */ = {
			isa = XCBuildConfiguration;
			buildSettings = {
				ASSETCATALOG_COMPILER_APPICON_NAME = AppIcon;
				INFOPLIST_FILE = SwipeTabBar/Info.plist;
				LD_RUNPATH_SEARCH_PATHS = "$(inherited) @executable_path/Frameworks";
				PRODUCT_NAME = "$(TARGET_NAME)";
			};
			name = Debug;
		};
		F7B2BA6A1A71851D00DD1FCA /* Release */ = {
			isa = XCBuildConfiguration;
			buildSettings = {
				ASSETCATALOG_COMPILER_APPICON_NAME = AppIcon;
				INFOPLIST_FILE = SwipeTabBar/Info.plist;
				LD_RUNPATH_SEARCH_PATHS = "$(inherited) @executable_path/Frameworks";
				PRODUCT_NAME = "$(TARGET_NAME)";
			};
			name = Release;
		};
		F7B2BA6C1A71851D00DD1FCA /* Debug */ = {
			isa = XCBuildConfiguration;
			buildSettings = {
				BUNDLE_LOADER = "$(TEST_HOST)";
				FRAMEWORK_SEARCH_PATHS = (
					"$(SDKROOT)/Developer/Library/Frameworks",
					"$(inherited)",
				);
				GCC_PREPROCESSOR_DEFINITIONS = (
					"DEBUG=1",
					"$(inherited)",
				);
				INFOPLIST_FILE = SwipeTabBarTests/Info.plist;
				LD_RUNPATH_SEARCH_PATHS = "$(inherited) @executable_path/Frameworks @loader_path/Frameworks";
				PRODUCT_NAME = "$(TARGET_NAME)";
				TEST_HOST = "$(BUILT_PRODUCTS_DIR)/SwipeTabBar.app/SwipeTabBar";
			};
			name = Debug;
		};
		F7B2BA6D1A71851D00DD1FCA /* Release */ = {
			isa = XCBuildConfiguration;
			buildSettings = {
				BUNDLE_LOADER = "$(TEST_HOST)";
				FRAMEWORK_SEARCH_PATHS = (
					"$(SDKROOT)/Developer/Library/Frameworks",
					"$(inherited)",
				);
				INFOPLIST_FILE = SwipeTabBarTests/Info.plist;
				LD_RUNPATH_SEARCH_PATHS = "$(inherited) @executable_path/Frameworks @loader_path/Frameworks";
				PRODUCT_NAME = "$(TARGET_NAME)";
				TEST_HOST = "$(BUILT_PRODUCTS_DIR)/SwipeTabBar.app/SwipeTabBar";
			};
			name = Release;
		};
/* End XCBuildConfiguration section */

/* Begin XCConfigurationList section */
		F7B2BA3D1A71851C00DD1FCA /* Build configuration list for PBXProject "SwipeTabBar" */ = {
			isa = XCConfigurationList;
			buildConfigurations = (
				F7B2BA661A71851D00DD1FCA /* Debug */,
				F7B2BA671A71851D00DD1FCA /* Release */,
			);
			defaultConfigurationIsVisible = 0;
			defaultConfigurationName = Release;
		};
		F7B2BA681A71851D00DD1FCA /* Build configuration list for PBXNativeTarget "SwipeTabBar" */ = {
			isa = XCConfigurationList;
			buildConfigurations = (
				F7B2BA691A71851D00DD1FCA /* Debug */,
				F7B2BA6A1A71851D00DD1FCA /* Release */,
			);
			defaultConfigurationIsVisible = 0;
		};
		F7B2BA6B1A71851D00DD1FCA /* Build configuration list for PBXNativeTarget "SwipeTabBarTests" */ = {
			isa = XCConfigurationList;
			buildConfigurations = (
				F7B2BA6C1A71851D00DD1FCA /* Debug */,
				F7B2BA6D1A71851D00DD1FCA /* Release */,
			);
			defaultConfigurationIsVisible = 0;
		};
/* End XCConfigurationList section */
	};
	rootObject = F7B2BA3A1A71851C00DD1FCA /* Project object */;
}
